%{"certifi": {:hex, :certifi, "0.4.0", "a7966efb868b179023618d29a407548f70c52466bf1849b9e8ebd0e34b7ea11f", [:rebar3], []},
  "chromecast": {:hex, :chromecast, "0.1.0", "4618418043cb562cac6e972726d9d49bea5a0135f3a736bed097b69cd42bf097", [:mix], [{:exprotobuf, "~> 1.1.0", [hex: :exprotobuf, optional: false]}, {:poison, "~> 2.2.0", [hex: :poison, optional: false]}]},
  "cowboy": {:hex, :cowboy, "1.0.4", "a324a8df9f2316c833a470d918aaf73ae894278b8aa6226ce7a9bf699388f878", [:rebar, :make], [{:cowlib, "~> 1.0.0", [hex: :cowlib, optional: false]}, {:ranch, "~> 1.0", [hex: :ranch, optional: false]}]},
  "cowlib": {:hex, :cowlib, "1.0.2", "9d769a1d062c9c3ac753096f868ca121e2730b9a377de23dec0f7e08b1df84ee", [:make], []},
  "dns": {:hex, :dns, "0.0.4", "2e347a0a03e8345bc70c6d69ed08788103a3bec81b93e4636b1b432110835436", [:mix], [{:socket, "~> 0.3.5", [hex: :socket, optional: false]}]},
  "elixir_make": {:hex, :elixir_make, "0.3.0", "285147fa943806eee82f6680b7b446b5569bcf3ee8328fa0a7c200ffc44fbaba", [:mix], []},
  "exprotobuf": {:hex, :exprotobuf, "1.1.0", "0d91a0b527abac118e03361d12eac7262299cdda3a0316fc60763557c227c890", [:mix], [{:gpb, "~> 3.24", [hex: :gpb, optional: false]}]},
  "gen_stage": {:hex, :gen_stage, "0.5.0", "758068f3a81286e342a609d668e9624714c2e4d43cc26699ead04d1680fde6c6", [:mix], []},
  "gpb": {:hex, :gpb, "3.25.2", "92f089ecdca6d098d9a65e41e879a498436d03b9727a28f0eae62d86587575db", [:rebar, :make], []},
  "hackney": {:hex, :hackney, "1.6.1", "ddd22d42db2b50e6a155439c8811b8f6df61a4395de10509714ad2751c6da817", [:rebar3], [{:certifi, "0.4.0", [hex: :certifi, optional: false]}, {:idna, "1.2.0", [hex: :idna, optional: false]}, {:metrics, "1.0.1", [hex: :metrics, optional: false]}, {:mimerl, "1.0.2", [hex: :mimerl, optional: false]}, {:ssl_verify_fun, "1.1.0", [hex: :ssl_verify_fun, optional: false]}]},
  "httpoison": {:hex, :httpoison, "0.8.3", "b675a3fdc839a0b8d7a285c6b3747d6d596ae70b6ccb762233a990d7289ccae4", [:mix], [{:hackney, "~> 1.6.0", [hex: :hackney, optional: false]}]},
  "idna": {:hex, :idna, "1.2.0", "ac62ee99da068f43c50dc69acf700e03a62a348360126260e87f2b54eced86b2", [:rebar3], []},
  "ieq_gateway": {:hex, :ieq_gateway, "0.1.2", "8db0fa99543ac3f85996c2dd85a627c017560395108e5e183753ba8189e6cdf5", [:mix], [{:nerves_uart, "~> 0.1.1", [hex: :nerves_uart, optional: false]}]},
  "lifx": {:hex, :lifx, "0.1.5", "2bc36e44af4dc3c9b1112bfe99f01aefddf531950fd08de00c6f6222fe158b22", [:mix], [{:cowboy, "~> 1.0", [hex: :cowboy, optional: false]}, {:poison, "~> 2.1", [hex: :poison, optional: false]}]},
  "mdns": {:hex, :mdns, "0.1.3", "2ce276fdb93e51c63bf9c1ba28892a6f3a08535f6a6dac5ac6c275c363507d67", [:mix], [{:dns, "~> 0.0.4", [hex: :dns, optional: false]}]},
  "meteo_stick": {:hex, :meteo_stick, "0.1.4", "9149cdc4a6c8189405078213b66bb19cd9b8f4242c573bcc700ccc2f7ec2fc59", [:mix], [{:nerves_uart, "~> 0.1.1", [hex: :nerves_uart, optional: false]}]},
  "metrics": {:hex, :metrics, "1.0.1", "25f094dea2cda98213cecc3aeff09e940299d950904393b2a29d191c346a8486", [:rebar3], []},
  "mimerl": {:hex, :mimerl, "1.0.2", "993f9b0e084083405ed8252b99460c4f0563e41729ab42d9074fd5e52439be88", [:rebar3], []},
  "movi": {:hex, :movi, "0.1.1", "6f17b9f86d3d75b5e8ac566c97522fb3c3f9ab71bdfd47b4571538cefbcd0210", [:mix], [{:nerves_uart, "~> 0.1.1", [hex: :nerves_uart, optional: false]}]},
  "nerves_uart": {:hex, :nerves_uart, "0.1.1", "32e6186b1a1b1d744631126df0b6c4049ddde5b04bc0303de29ab86a2edf60a2", [:mix, :make], [{:elixir_make, "~> 0.3", [hex: :elixir_make, optional: false]}]},
  "poison": {:hex, :poison, "2.2.0", "4763b69a8a77bd77d26f477d196428b741261a761257ff1cf92753a0d4d24a63", [:mix], []},
  "radio_thermostat": {:git, "https://github.com/NationalAssociationOfRealtors/radio_thermostat.git", "1f6a6b87597db7a2310c5cb3369b9cb48b7ce61a", []},
  "ranch": {:hex, :ranch, "1.2.1", "a6fb992c10f2187b46ffd17ce398ddf8a54f691b81768f9ef5f461ea7e28c762", [:make], []},
  "raven_smcd": {:hex, :raven_smcd, "0.1.5", "133051ee183df384708bff0664f8e2a49790bdfc136fd64141ddccebd2926a56", [:mix], [{:nerves_uart, "~> 0.1.1", [hex: :nerves_uart, optional: false]}, {:sweet_xml, "~> 0.6.1", [hex: :sweet_xml, optional: false]}]},
  "socket": {:hex, :socket, "0.3.5", "6c23772e7eda60f129f36dd69a61930aab18ae9b8d74d7f767c85355cf0b585d", [:mix], []},
  "ssdp": {:hex, :ssdp, "0.1.0", "5b478e222a361671536d3550cab78037c8e5113ebd0ddff0163ecb46efa545af", [:mix], [{:httpoison, "~> 0.8.3", [hex: :httpoison, optional: false]}, {:poison, "~> 2.0", [hex: :poison, optional: false]}, {:sweet_xml, "~> 0.6.1", [hex: :sweet_xml, optional: false]}]},
  "ssl_verify_fun": {:hex, :ssl_verify_fun, "1.1.0", "edee20847c42e379bf91261db474ffbe373f8acb56e9079acb6038d4e0bf414f", [:rebar, :make], []},
  "sweet_xml": {:hex, :sweet_xml, "0.6.1", "a56f235171f35a32807ce44798dedc748ce249fca574674fecd29c1321cab0de", [:mix], []}}
